Microsoft Visual Studio Solution File, Format Version 12.00
# Visual Studio Version 16
VisualStudioVersion = 16.0.29806.167
MinimumVisualStudioVersion = 10.0.40219.1
Project("{FAE04EC0-301F-11D3-BF4B-00C04F79EFBC}") = "MeidoPhotoStudio.Plugin", "src\MeidoPhotoStudio.Plugin\MeidoPhotoStudio.Plugin.csproj", "{5FA40522-E0AC-459A-A571-DD0051217AB6}"
EndProject
Project("{FAE04EC0-301F-11D3-BF4B-00C04F79EFBC}") = "MeidoPhotoStudio.Converter", "src\MeidoPhotoStudio.Converter\MeidoPhotoStudio.Converter.csproj", "{19D28B0C-3537-4FEE-B7B3-1ABF70B16D5E}"
EndProject
Global
	GlobalSection(SolutionConfigurationPlatforms) = preSolution
		Debug|Any CPU = Debug|Any CPU
		Release|Any CPU = Release|Any CPU
		Release-COM25|Any CPU = Release-COM25|Any CPU
		Debug-COM25|Any CPU = Debug-COM25|Any CPU
	EndGlobalSection
	GlobalSection(ProjectConfigurationPlatforms) = postSolution
		{5FA40522-E0AC-459A-A571-DD0051217AB6}.Release-COM25|Any CPU.ActiveCfg = Release-COM25|Any CPU
		{5FA40522-E0AC-459A-A571-DD0051217AB6}.Release-COM25|Any CPU.Build.0 = Release-COM25|Any CPU
		{5FA40522-E0AC-459A-A571-DD0051217AB6}.Debug|Any CPU.ActiveCfg = Debug|Any CPU
		{5FA40522-E0AC-459A-A571-DD0051217AB6}.Debug|Any CPU.Build.0 = Debug|Any CPU
		{5FA40522-E0AC-459A-A571-DD0051217AB6}.Debug-COM25|Any CPU.ActiveCfg = Debug-COM25|Any CPU
		{5FA40522-E0AC-459A-A571-DD0051217AB6}.Debug-COM25|Any CPU.Build.0 = Debug-COM25|Any CPU
		{5FA40522-E0AC-459A-A571-DD0051217AB6}.Release|Any CPU.ActiveCfg = Release|Any CPU
		{5FA40522-E0AC-459A-A571-DD0051217AB6}.Release|Any CPU.Build.0 = Release|Any CPU
		{19D28B0C-3537-4FEE-B7B3-1ABF70B16D5E}.Release-COM25|Any CPU.ActiveCfg = Release-COM25|Any CPU
		{19D28B0C-3537-4FEE-B7B3-1ABF70B16D5E}.Debug|Any CPU.ActiveCfg = Debug|Any CPU
		{19D28B0C-3537-4FEE-B7B3-1ABF70B16D5E}.Debug|Any CPU.Build.0 = Debug|Any CPU
		{19D28B0C-3537-4FEE-B7B3-1ABF70B16D5E}.Debug-COM25|Any CPU.ActiveCfg = Debug-COM25|Any CPU
		{19D28B0C-3537-4FEE-B7B3-1ABF70B16D5E}.Release|Any CPU.ActiveCfg = Release|Any CPU
		{19D28B0C-3537-4FEE-B7B3-1ABF70B16D5E}.Release|Any CPU.Build.0 = Release|Any CPU
	EndGlobalSection
	GlobalSection(SolutionProperties) = preSolution
		HideSolutionNode = FALSE
	EndGlobalSection
	GlobalSection(ExtensibilityGlobals) = postSolution
		SolutionGuid = {0CF8022A-1ECB-4FEB-8A20-6E7E544E3DC4}
	EndGlobalSection
EndGlobal
